
Microsoft Visual Studio Solution File, Format Version 12.00
# Visual Studio 14
VisualStudioVersion = 14.0.25420.1
MinimumVisualStudioVersion = 10.0.40219.1
Project("{FAE04EC0-301F-11D3-BF4B-00C04F79EFBC}") = "DashboardEngine2.0", "DashboardEngine2.0\DashboardEngine2.0.csproj", "{97E1901B-57C1-40FB-B50B-8ED8CC99F5D4}"
EndProject
Project("{FAE04EC0-301F-11D3-BF4B-00C04F79EFBC}") = "DashboardEngineAres", "DashboardEngineAres\DashboardEngineAres.csproj", "{92E0CB7C-E798-4CAD-9CF8-66C4697A62DA}"
EndProject
Project("{FAE04EC0-301F-11D3-BF4B-00C04F79EFBC}") = "DashboardEngineTester", "DashboardEngineTester\DashboardEngineTester.csproj", "{F60A866F-922E-4851-835C-EF5A08D0DBA4}"
EndProject
Global
	GlobalSection(SolutionConfigurationPlatforms) = preSolution
		Debug|Any CPU = Debug|Any CPU
		Release|Any CPU = Release|Any CPU
	EndGlobalSection
	GlobalSection(ProjectConfigurationPlatforms) = postSolution
		{97E1901B-57C1-40FB-B50B-8ED8CC99F5D4}.Debug|Any CPU.ActiveCfg = Debug|Any CPU
		{97E1901B-57C1-40FB-B50B-8ED8CC99F5D4}.Debug|Any CPU.Build.0 = Debug|Any CPU
		{97E1901B-57C1-40FB-B50B-8ED8CC99F5D4}.Release|Any CPU.ActiveCfg = Release|Any CPU
		{97E1901B-57C1-40FB-B50B-8ED8CC99F5D4}.Release|Any CPU.Build.0 = Release|Any CPU
		{92E0CB7C-E798-4CAD-9CF8-66C4697A62DA}.Debug|Any CPU.ActiveCfg = Debug|Any CPU
		{92E0CB7C-E798-4CAD-9CF8-66C4697A62DA}.Debug|Any CPU.Build.0 = Debug|Any CPU
		{92E0CB7C-E798-4CAD-9CF8-66C4697A62DA}.Release|Any CPU.ActiveCfg = Release|Any CPU
		{92E0CB7C-E798-4CAD-9CF8-66C4697A62DA}.Release|Any CPU.Build.0 = Release|Any CPU
		{F60A866F-922E-4851-835C-EF5A08D0DBA4}.Debug|Any CPU.ActiveCfg = Debug|Any CPU
		{F60A866F-922E-4851-835C-EF5A08D0DBA4}.Debug|Any CPU.Build.0 = Debug|Any CPU
		{F60A866F-922E-4851-835C-EF5A08D0DBA4}.Release|Any CPU.ActiveCfg = Release|Any CPU
		{F60A866F-922E-4851-835C-EF5A08D0DBA4}.Release|Any CPU.Build.0 = Release|Any CPU
	EndGlobalSection
	GlobalSection(SolutionProperties) = preSolution
		HideSolutionNode = FALSE
	EndGlobalSection
EndGlobal
